
Microsoft Visual Studio Solution File, Format Version 12.00
# Visual Studio Version 17
VisualStudioVersion = 17.12.35527.113
MinimumVisualStudioVersion = 10.0.40219.1
Project("{00D1A9C2-B5F0-4AF3-8072-F6C62B433612}") = "DiamondLegends.DB", "DiamondLegends.DB\DiamondLegends.DB.sqlproj", "{5A2A98F7-6C8C-4E7E-886B-C83ABADBED05}"
EndProject
Project("{FAE04EC0-301F-11D3-BF4B-00C04F79EFBC}") = "DiamondLegends.Domain", "DiamondLegends.Domain\DiamondLegends.Domain.csproj", "{9374D8A1-5660-446C-BABE-D7AE89BC5A9A}"
EndProject
Project("{FAE04EC0-301F-11D3-BF4B-00C04F79EFBC}") = "DiamondLegends.DAL", "DiamondLegends.DAL\DiamondLegends.DAL.csproj", "{BA72665D-E08F-4D4F-B4DE-580BC9DDE40C}"
EndProject
Project("{FAE04EC0-301F-11D3-BF4B-00C04F79EFBC}") = "DiamondLegends.BLL", "DiamondLegends.BLL\DiamondLegends.BLL.csproj", "{46C39681-6D96-41A0-9C51-F87EB7A744D9}"
EndProject
Project("{FAE04EC0-301F-11D3-BF4B-00C04F79EFBC}") = "DiamondLegends.API", "DiamondLegends.API\DiamondLegends.API.csproj", "{9A87C1AB-1774-43B3-94E6-6D1E1EFF1E21}"
EndProject
Global
	GlobalSection(SolutionConfigurationPlatforms) = preSolution
		Debug|Any CPU = Debug|Any CPU
		Release|Any CPU = Release|Any CPU
	EndGlobalSection
	GlobalSection(ProjectConfigurationPlatforms) = postSolution
		{5A2A98F7-6C8C-4E7E-886B-C83ABADBED05}.Debug|Any CPU.ActiveCfg = Debug|Any CPU
		{5A2A98F7-6C8C-4E7E-886B-C83ABADBED05}.Debug|Any CPU.Build.0 = Debug|Any CPU
		{5A2A98F7-6C8C-4E7E-886B-C83ABADBED05}.Debug|Any CPU.Deploy.0 = Debug|Any CPU
		{5A2A98F7-6C8C-4E7E-886B-C83ABADBED05}.Release|Any CPU.ActiveCfg = Release|Any CPU
		{5A2A98F7-6C8C-4E7E-886B-C83ABADBED05}.Release|Any CPU.Build.0 = Release|Any CPU
		{5A2A98F7-6C8C-4E7E-886B-C83ABADBED05}.Release|Any CPU.Deploy.0 = Release|Any CPU
		{9374D8A1-5660-446C-BABE-D7AE89BC5A9A}.Debug|Any CPU.ActiveCfg = Debug|Any CPU
		{9374D8A1-5660-446C-BABE-D7AE89BC5A9A}.Debug|Any CPU.Build.0 = Debug|Any CPU
		{9374D8A1-5660-446C-BABE-D7AE89BC5A9A}.Release|Any CPU.ActiveCfg = Release|Any CPU
		{9374D8A1-5660-446C-BABE-D7AE89BC5A9A}.Release|Any CPU.Build.0 = Release|Any CPU
		{BA72665D-E08F-4D4F-B4DE-580BC9DDE40C}.Debug|Any CPU.ActiveCfg = Debug|Any CPU
		{BA72665D-E08F-4D4F-B4DE-580BC9DDE40C}.Debug|Any CPU.Build.0 = Debug|Any CPU
		{BA72665D-E08F-4D4F-B4DE-580BC9DDE40C}.Release|Any CPU.ActiveCfg = Release|Any CPU
		{BA72665D-E08F-4D4F-B4DE-580BC9DDE40C}.Release|Any CPU.Build.0 = Release|Any CPU
		{46C39681-6D96-41A0-9C51-F87EB7A744D9}.Debug|Any CPU.ActiveCfg = Debug|Any CPU
		{46C39681-6D96-41A0-9C51-F87EB7A744D9}.Debug|Any CPU.Build.0 = Debug|Any CPU
		{46C39681-6D96-41A0-9C51-F87EB7A744D9}.Release|Any CPU.ActiveCfg = Release|Any CPU
		{46C39681-6D96-41A0-9C51-F87EB7A744D9}.Release|Any CPU.Build.0 = Release|Any CPU
		{9A87C1AB-1774-43B3-94E6-6D1E1EFF1E21}.Debug|Any CPU.ActiveCfg = Debug|Any CPU
		{9A87C1AB-1774-43B3-94E6-6D1E1EFF1E21}.Debug|Any CPU.Build.0 = Debug|Any CPU
		{9A87C1AB-1774-43B3-94E6-6D1E1EFF1E21}.Release|Any CPU.ActiveCfg = Release|Any CPU
		{9A87C1AB-1774-43B3-94E6-6D1E1EFF1E21}.Release|Any CPU.Build.0 = Release|Any CPU
	EndGlobalSection
	GlobalSection(SolutionProperties) = preSolution
		HideSolutionNode = FALSE
	EndGlobalSection
EndGlobal
